// !$*UTF8*$!
{
	archiveVersion = 1;
	classes = {
	};
	objectVersion = 46;
	objects = {

/* Begin PBXBuildFile section */
		B5EAA0221C53C3840070AAAD /* AppDelegate.swift in Sources */ = {isa = PBXBuildFile; fileRef = B5EAA0211C53C3840070AAAD /* AppDelegate.swift */; };
		B5EAA0241C53C3840070AAAD /* ViewController.swift in Sources */ = {isa = PBXBuildFile; fileRef = B5EAA0231C53C3840070AAAD /* ViewController.swift */; };
		B5EAA0271C53C3840070AAAD /* Main.storyboard in Resources */ = {isa = PBXBuildFile; fileRef = B5EAA0251C53C3840070AAAD /* Main.storyboard */; };
		B5EAA02A1C53C3840070AAAD /* SnapUp.xcdatamodeld in Sources */ = {isa = PBXBuildFile; fileRef = B5EAA0281C53C3840070AAAD /* SnapUp.xcdatamodeld */; };
		B5EAA02C1C53C3840070AAAD /* Assets.xcassets in Resources */ = {isa = PBXBuildFile; fileRef = B5EAA02B1C53C3840070AAAD /* Assets.xcassets */; };
		B5EAA02F1C53C3840070AAAD /* LaunchScreen.storyboard in Resources */ = {isa = PBXBuildFile; fileRef = B5EAA02D1C53C3840070AAAD /* LaunchScreen.storyboard */; };
		B5EAA03A1C53C3840070AAAD /* SnapUpTests.swift in Sources */ = {isa = PBXBuildFile; fileRef = B5EAA0391C53C3840070AAAD /* SnapUpTests.swift */; };
		B5EAA0451C53C3840070AAAD /* SnapUpUITests.swift in Sources */ = {isa = PBXBuildFile; fileRef = B5EAA0441C53C3840070AAAD /* SnapUpUITests.swift */; };
/* End PBXBuildFile section */

/* Begin PBXContainerItemProxy section */
		B5EAA0361C53C3840070AAAD /* PBXContainerItemProxy */ = {
			isa = PBXContainerItemProxy;
			containerPortal = B5EAA0161C53C3830070AAAD /* Project object */;
			proxyType = 1;
			remoteGlobalIDString = B5EAA01D1C53C3830070AAAD;
			remoteInfo = SnapUp;
		};
		B5EAA0411C53C3840070AAAD /* PBXContainerItemProxy */ = {
			isa = PBXContainerItemProxy;
			containerPortal = B5EAA0161C53C3830070AAAD /* Project object */;
			proxyType = 1;
			remoteGlobalIDString = B5EAA01D1C53C3830070AAAD;
			remoteInfo = SnapUp;
		};
/* End PBXContainerItemProxy section */

/* Begin PBXFileReference section */
		B5EAA01E1C53C3840070AAAD /* SnapUp.app */ = {isa = PBXFileReference; explicitFileType = wrapper.application; includeInIndex = 0; path = SnapUp.app; sourceTree = BUILT_PRODUCTS_DIR; };
		B5EAA0211C53C3840070AAAD /* AppDelegate.swift */ = {isa = PBXFileReference; lastKnownFileType = sourcecode.swift; path = AppDelegate.swift; sourceTree = "<group>"; };
		B5EAA0231C53C3840070AAAD /* ViewController.swift */ = {isa = PBXFileReference; lastKnownFileType = sourcecode.swift; path = ViewController.swift; sourceTree = "<group>"; };
		B5EAA0261C53C3840070AAAD /* Base */ = {isa = PBXFileReference; lastKnownFileType = file.storyboard; name = Base; path = Base.lproj/Main.storyboard; sourceTree = "<group>"; };
		B5EAA0291C53C3840070AAAD /* SnapUp.xcdatamodel */ = {isa = PBXFileReference; lastKnownFileType = wrapper.xcdatamodel; path = SnapUp.xcdatamodel; sourceTree = "<group>"; };
		B5EAA02B1C53C3840070AAAD /* Assets.xcassets */ = {isa = PBXFileReference; lastKnownFileType = folder.assetcatalog; path = Assets.xcassets; sourceTree = "<group>"; };
		B5EAA02E1C53C3840070AAAD /* Base */ = {isa = PBXFileReference; lastKnownFileType = file.storyboard; name = Base; path = Base.lproj/LaunchScreen.storyboard; sourceTree = "<group>"; };
		B5EAA0301C53C3840070AAAD /* Info.plist */ = {isa = PBXFileReference; lastKnownFileType = text.plist.xml; path = Info.plist; sourceTree = "<group>"; };
		B5EAA0351C53C3840070AAAD /* SnapUpTests.xctest */ = {isa = PBXFileReference; explicitFileType = wrapper.cfbundle; includeInIndex = 0; path = SnapUpTests.xctest; sourceTree = BUILT_PRODUCTS_DIR; };
		B5EAA0391C53C3840070AAAD /* SnapUpTests.swift */ = {isa = PBXFileReference; lastKnownFileType = sourcecode.swift; path = SnapUpTests.swift; sourceTree = "<group>"; };
		B5EAA03B1C53C3840070AAAD /* Info.plist */ = {isa = PBXFileReference; lastKnownFileType = text.plist.xml; path = Info.plist; sourceTree = "<group>"; };
		B5EAA0401C53C3840070AAAD /* SnapUpUITests.xctest */ = {isa = PBXFileReference; explicitFileType = wrapper.cfbundle; includeInIndex = 0; path = SnapUpUITests.xctest; sourceTree = BUILT_PRODUCTS_DIR; };
		B5EAA0441C53C3840070AAAD /* SnapUpUITests.swift */ = {isa = PBXFileReference; lastKnownFileType = sourcecode.swift; path = SnapUpUITests.swift; sourceTree = "<group>"; };
		B5EAA0461C53C3840070AAAD /* Info.plist */ = {isa = PBXFileReference; lastKnownFileType = text.plist.xml; path = Info.plist; sourceTree = "<group>"; };
/* End PBXFileReference section */

/* Begin PBXFrameworksBuildPhase section */
		B5EAA01B1C53C3830070AAAD /* Frameworks */ = {
			isa = PBXFrameworksBuildPhase;
			buildActionMask = 2147483647;
			files = (
			);
			runOnlyForDeploymentPostprocessing = 0;
		};
		B5EAA0321C53C3840070AAAD /* Frameworks */ = {
			isa = PBXFrameworksBuildPhase;
			buildActionMask = 2147483647;
			files = (
			);
			runOnlyForDeploymentPostprocessing = 0;
		};
		B5EAA03D1C53C3840070AAAD /* Frameworks */ = {
			isa = PBXFrameworksBuildPhase;
			buildActionMask = 2147483647;
			files = (
			);
			runOnlyForDeploymentPostprocessing = 0;
		};
/* End PBXFrameworksBuildPhase section */

/* Begin PBXGroup section */
		B5EAA0151C53C3830070AAAD = {
			isa = PBXGroup;
			children = (
				B5EAA0201C53C3840070AAAD /* SnapUp */,
				B5EAA0381C53C3840070AAAD /* SnapUpTests */,
				B5EAA0431C53C3840070AAAD /* SnapUpUITests */,
				B5EAA01F1C53C3840070AAAD /* Products */,
			);
			sourceTree = "<group>";
		};
		B5EAA01F1C53C3840070AAAD /* Products */ = {
			isa = PBXGroup;
			children = (
				B5EAA01E1C53C3840070AAAD /* SnapUp.app */,
				B5EAA0351C53C3840070AAAD /* SnapUpTests.xctest */,
				B5EAA0401C53C3840070AAAD /* SnapUpUITests.xctest */,
			);
			name = Products;
			sourceTree = "<group>";
		};
		B5EAA0201C53C3840070AAAD /* SnapUp */ = {
			isa = PBXGroup;
			children = (
				B5EAA0211C53C3840070AAAD /* AppDelegate.swift */,
				B5EAA0231C53C3840070AAAD /* ViewController.swift */,
				B5EAA0251C53C3840070AAAD /* Main.storyboard */,
				B5EAA02B1C53C3840070AAAD /* Assets.xcassets */,
				B5EAA02D1C53C3840070AAAD /* LaunchScreen.storyboard */,
				B5EAA0301C53C3840070AAAD /* Info.plist */,
				B5EAA0281C53C3840070AAAD /* SnapUp.xcdatamodeld */,
			);
			path = SnapUp;
			sourceTree = "<group>";
		};
		B5EAA0381C53C3840070AAAD /* SnapUpTests */ = {
			isa = PBXGroup;
			children = (
				B5EAA0391C53C3840070AAAD /* SnapUpTests.swift */,
				B5EAA03B1C53C3840070AAAD /* Info.plist */,
			);
			path = SnapUpTests;
			sourceTree = "<group>";
		};
		B5EAA0431C53C3840070AAAD /* SnapUpUITests */ = {
			isa = PBXGroup;
			children = (
				B5EAA0441C53C3840070AAAD /* SnapUpUITests.swift */,
				B5EAA0461C53C3840070AAAD /* Info.plist */,
			);
			path = SnapUpUITests;
			sourceTree = "<group>";
		};
/* End PBXGroup section */

/* Begin PBXNativeTarget section */
		B5EAA01D1C53C3830070AAAD /* SnapUp */ = {
			isa = PBXNativeTarget;
			buildConfigurationList = B5EAA0491C53C3840070AAAD /* Build configuration list for PBXNativeTarget "SnapUp" */;
			buildPhases = (
				B5EAA01A1C53C3830070AAAD /* Sources */,
				B5EAA01B1C53C3830070AAAD /* Frameworks */,
				B5EAA01C1C53C3830070AAAD /* Resources */,
			);
			buildRules = (
			);
			dependencies = (
			);
			name = SnapUp;
			productName = SnapUp;
			productReference = B5EAA01E1C53C3840070AAAD /* SnapUp.app */;
			productType = "com.apple.product-type.application";
		};
		B5EAA0341C53C3840070AAAD /* SnapUpTests */ = {
			isa = PBXNativeTarget;
			buildConfigurationList = B5EAA04C1C53C3840070AAAD /* Build configuration list for PBXNativeTarget "SnapUpTests" */;
			buildPhases = (
				B5EAA0311C53C3840070AAAD /* Sources */,
				B5EAA0321C53C3840070AAAD /* Frameworks */,
				B5EAA0331C53C3840070AAAD /* Resources */,
			);
			buildRules = (
			);
			dependencies = (
				B5EAA0371C53C3840070AAAD /* PBXTargetDependency */,
			);
			name = SnapUpTests;
			productName = SnapUpTests;
			productReference = B5EAA0351C53C3840070AAAD /* SnapUpTests.xctest */;
			productType = "com.apple.product-type.bundle.unit-test";
		};
		B5EAA03F1C53C3840070AAAD /* SnapUpUITests */ = {
			isa = PBXNativeTarget;
			buildConfigurationList = B5EAA04F1C53C3840070AAAD /* Build configuration list for PBXNativeTarget "SnapUpUITests" */;
			buildPhases = (
				B5EAA03C1C53C3840070AAAD /* Sources */,
				B5EAA03D1C53C3840070AAAD /* Frameworks */,
				B5EAA03E1C53C3840070AAAD /* Resources */,
			);
			buildRules = (
			);
			dependencies = (
				B5EAA0421C53C3840070AAAD /* PBXTargetDependency */,
			);
			name = SnapUpUITests;
			productName = SnapUpUITests;
			productReference = B5EAA0401C53C3840070AAAD /* SnapUpUITests.xctest */;
			productType = "com.apple.product-type.bundle.ui-testing";
		};
/* End PBXNativeTarget section */

/* Begin PBXProject section */
		B5EAA0161C53C3830070AAAD /* Project object */ = {
			isa = PBXProject;
			attributes = {
				LastUpgradeCheck = 0700;
				ORGANIZATIONNAME = "Isabelle Zhou";
				TargetAttributes = {
					B5EAA01D1C53C3830070AAAD = {
						CreatedOnToolsVersion = 7.0;
					};
					B5EAA0341C53C3840070AAAD = {
						CreatedOnToolsVersion = 7.0;
						TestTargetID = B5EAA01D1C53C3830070AAAD;
					};
					B5EAA03F1C53C3840070AAAD = {
						CreatedOnToolsVersion = 7.0;
						TestTargetID = B5EAA01D1C53C3830070AAAD;
					};
				};
			};
			buildConfigurationList = B5EAA0191C53C3830070AAAD /* Build configuration list for PBXProject "SnapUp" */;
			compatibilityVersion = "Xcode 3.2";
			developmentRegion = English;
			hasScannedForEncodings = 0;
			knownRegions = (
				en,
				Base,
			);
			mainGroup = B5EAA0151C53C3830070AAAD;
			productRefGroup = B5EAA01F1C53C3840070AAAD /* Products */;
			projectDirPath = "";
			projectRoot = "";
			targets = (
				B5EAA01D1C53C3830070AAAD /* SnapUp */,
				B5EAA0341C53C3840070AAAD /* SnapUpTests */,
				B5EAA03F1C53C3840070AAAD /* SnapUpUITests */,
			);
		};
/* End PBXProject section */

/* Begin PBXResourcesBuildPhase section */
		B5EAA01C1C53C3830070AAAD /* Resources */ = {
			isa = PBXResourcesBuildPhase;
			buildActionMask = 2147483647;
			files = (
				B5EAA02F1C53C3840070AAAD /* LaunchScreen.storyboard in Resources */,
				B5EAA02C1C53C3840070AAAD /* Assets.xcassets in Resources */,
				B5EAA0271C53C3840070AAAD /* Main.storyboard in Resources */,
			);
			runOnlyForDeploymentPostprocessing = 0;
		};
		B5EAA0331C53C3840070AAAD /* Resources */ = {
			isa = PBXResourcesBuildPhase;
			buildActionMask = 2147483647;
			files = (
			);
			runOnlyForDeploymentPostprocessing = 0;
		};
		B5EAA03E1C53C3840070AAAD /* Resources */ = {
			isa = PBXResourcesBuildPhase;
			buildActionMask = 2147483647;
			files = (
			);
			runOnlyForDeploymentPostprocessing = 0;
		};
/* End PBXResourcesBuildPhase section */

/* Begin PBXSourcesBuildPhase section */
		B5EAA01A1C53C3830070AAAD /* Sources */ = {
			isa = PBXSourcesBuildPhase;
			buildActionMask = 2147483647;
			files = (
				B5EAA0241C53C3840070AAAD /* ViewController.swift in Sources */,
				B5EAA0221C53C3840070AAAD /* AppDelegate.swift in Sources */,
				B5EAA02A1C53C3840070AAAD /* SnapUp.xcdatamodeld in Sources */,
			);
			runOnlyForDeploymentPostprocessing = 0;
		};
		B5EAA0311C53C3840070AAAD /* Sources */ = {
			isa = PBXSourcesBuildPhase;
			buildActionMask = 2147483647;
			files = (
				B5EAA03A1C53C3840070AAAD /* SnapUpTests.swift in Sources */,
			);
			runOnlyForDeploymentPostprocessing = 0;
		};
		B5EAA03C1C53C3840070AAAD /* Sources */ = {
			isa = PBXSourcesBuildPhase;
			buildActionMask = 2147483647;
			files = (
				B5EAA0451C53C3840070AAAD /* SnapUpUITests.swift in Sources */,
			);
			runOnlyForDeploymentPostprocessing = 0;
		};
/* End PBXSourcesBuildPhase section */

/* Begin PBXTargetDependency section */
		B5EAA0371C53C3840070AAAD /* PBXTargetDependency */ = {
			isa = PBXTargetDependency;
			target = B5EAA01D1C53C3830070AAAD /* SnapUp */;
			targetProxy = B5EAA0361C53C3840070AAAD /* PBXContainerItemProxy */;
		};
		B5EAA0421C53C3840070AAAD /* PBXTargetDependency */ = {
			isa = PBXTargetDependency;
			target = B5EAA01D1C53C3830070AAAD /* SnapUp */;
			targetProxy = B5EAA0411C53C3840070AAAD /* PBXContainerItemProxy */;
		};
/* End PBXTargetDependency section */

/* Begin PBXVariantGroup section */
		B5EAA0251C53C3840070AAAD /* Main.storyboard */ = {
			isa = PBXVariantGroup;
			children = (
				B5EAA0261C53C3840070AAAD /* Base */,
			);
			name = Main.storyboard;
			sourceTree = "<group>";
		};
		B5EAA02D1C53C3840070AAAD /* LaunchScreen.storyboard */ = {
			isa = PBXVariantGroup;
			children = (
				B5EAA02E1C53C3840070AAAD /* Base */,
			);
			name = LaunchScreen.storyboard;
			sourceTree = "<group>";
		};
/* End PBXVariantGroup section */

/* Begin XCBuildConfiguration section */
		B5EAA0471C53C3840070AAAD /* Debug */ = {
			isa = XCBuildConfiguration;
			buildSettings = {
				ALWAYS_SEARCH_USER_PATHS = NO;
				CLANG_CXX_LANGUAGE_STANDARD = "gnu++0x";
				CLANG_CXX_LIBRARY = "libc++";
				CLANG_ENABLE_MODULES = YES;
				CLANG_ENABLE_OBJC_ARC = YES;
				CLANG_WARN_BOOL_CONVERSION = YES;
				CLANG_WARN_CONSTANT_CONVERSION = YES;
				CLANG_WARN_DIRECT_OBJC_ISA_USAGE = YES_ERROR;
				CLANG_WARN_EMPTY_BODY = YES;
				CLANG_WARN_ENUM_CONVERSION = YES;
				CLANG_WARN_INT_CONVERSION = YES;
				CLANG_WARN_OBJC_ROOT_CLASS = YES_ERROR;
				CLANG_WARN_UNREACHABLE_CODE = YES;
				CLANG_WARN__DUPLICATE_METHOD_MATCH = YES;
				"CODE_SIGN_IDENTITY[sdk=iphoneos*]" = "iPhone Developer";
				COPY_PHASE_STRIP = NO;
				DEBUG_INFORMATION_FORMAT = dwarf;
				ENABLE_STRICT_OBJC_MSGSEND = YES;
				ENABLE_TESTABILITY = YES;
				GCC_C_LANGUAGE_STANDARD = gnu99;
				GCC_DYNAMIC_NO_PIC = NO;
				GCC_NO_COMMON_BLOCKS = YES;
				GCC_OPTIMIZATION_LEVEL = 0;
				GCC_PREPROCESSOR_DEFINITIONS = (
					"DEBUG=1",
					"$(inherited)",
				);
				GCC_WARN_64_TO_32_BIT_CONVERSION = YES;
				GCC_WARN_ABOUT_RETURN_TYPE = YES_ERROR;
				GCC_WARN_UNDECLARED_SELECTOR = YES;
				GCC_WARN_UNINITIALIZED_AUTOS = YES_AGGRESSIVE;
				GCC_WARN_UNUSED_FUNCTION = YES;
				GCC_WARN_UNUSED_VARIABLE = YES;
				IPHONEOS_DEPLOYMENT_TARGET = 9.0;
				MTL_ENABLE_DEBUG_INFO = YES;
				ONLY_ACTIVE_ARCH = YES;
				SDKROOT = iphoneos;
				SWIFT_OPTIMIZATION_LEVEL = "-Onone";
				TARGETED_DEVICE_FAMILY = "1,2";
			};
			name = Debug;
		};
		B5EAA0481C53C3840070AAAD /* Release */ = {
			isa = XCBuildConfiguration;
			buildSettings = {
				ALWAYS_SEARCH_USER_PATHS = NO;
				CLANG_CXX_LANGUAGE_STANDARD = "gnu++0x";
				CLANG_CXX_LIBRARY = "libc++";
				CLANG_ENABLE_MODULES = YES;
				CLANG_ENABLE_OBJC_ARC = YES;
				CLANG_WARN_BOOL_CONVERSION = YES;
				CLANG_WARN_CONSTANT_CONVERSION = YES;
				CLANG_WARN_DIRECT_OBJC_ISA_USAGE = YES_ERROR;
				CLANG_WARN_EMPTY_BODY = YES;
				CLANG_WARN_ENUM_CONVERSION = YES;
				CLANG_WARN_INT_CONVERSION = YES;
				CLANG_WARN_OBJC_ROOT_CLASS = YES_ERROR;
				CLANG_WARN_UNREACHABLE_CODE = YES;
				CLANG_WARN__DUPLICATE_METHOD_MATCH = YES;
				"CODE_SIGN_IDENTITY[sdk=iphoneos*]" = "iPhone Developer";
				COPY_PHASE_STRIP = NO;
				DEBUG_INFORMATION_FORMAT = "dwarf-with-dsym";
				ENABLE_NS_ASSERTIONS = NO;
				ENABLE_STRICT_OBJC_MSGSEND = YES;
				GCC_C_LANGUAGE_STANDARD = gnu99;
				GCC_NO_COMMON_BLOCKS = YES;
				GCC_WARN_64_TO_32_BIT_CONVERSION = YES;
				GCC_WARN_ABOUT_RETURN_TYPE = YES_ERROR;
				GCC_WARN_UNDECLARED_SELECTOR = YES;
				GCC_WARN_UNINITIALIZED_AUTOS = YES_AGGRESSIVE;
				GCC_WARN_UNUSED_FUNCTION = YES;
				GCC_WARN_UNUSED_VARIABLE = YES;
				IPHONEOS_DEPLOYMENT_TARGET = 9.0;
				MTL_ENABLE_DEBUG_INFO = NO;
				SDKROOT = iphoneos;
				TARGETED_DEVICE_FAMILY = "1,2";
				VALIDATE_PRODUCT = YES;
			};
			name = Release;
		};
		B5EAA04A1C53C3840070AAAD /* Debug */ = {
			isa = XCBuildConfiguration;
			buildSettings = {
				ASSETCATALOG_COMPILER_APPICON_NAME = AppIcon;
				INFOPLIST_FILE = SnapUp/Info.plist;
				LD_RUNPATH_SEARCH_PATHS = "$(inherited) @executable_path/Frameworks";
				PRODUCT_BUNDLE_IDENTIFIER = PennAppsXIII.SnapUp;
				PRODUCT_NAME = "$(TARGET_NAME)";
			};
			name = Debug;
		};
		B5EAA04B1C53C3840070AAAD /* Release */ = {
			isa = XCBuildConfiguration;
			buildSettings = {
				ASSETCATALOG_COMPILER_APPICON_NAME = AppIcon;
				INFOPLIST_FILE = SnapUp/Info.plist;
				LD_RUNPATH_SEARCH_PATHS = "$(inherited) @executable_path/Frameworks";
				PRODUCT_BUNDLE_IDENTIFIER = PennAppsXIII.SnapUp;
				PRODUCT_NAME = "$(TARGET_NAME)";
			};
			name = Release;
		};
		B5EAA04D1C53C3840070AAAD /* Debug */ = {
			isa = XCBuildConfiguration;
			buildSettings = {
				BUNDLE_LOADER = "$(TEST_HOST)";
				INFOPLIST_FILE = SnapUpTests/Info.plist;
				LD_RUNPATH_SEARCH_PATHS = "$(inherited) @executable_path/Frameworks @loader_path/Frameworks";
				PRODUCT_BUNDLE_IDENTIFIER = PennAppsXIII.SnapUpTests;
				PRODUCT_NAME = "$(TARGET_NAME)";
				TEST_HOST = "$(BUILT_PRODUCTS_DIR)/SnapUp.app/SnapUp";
			};
			name = Debug;
		};
		B5EAA04E1C53C3840070AAAD /* Release */ = {
			isa = XCBuildConfiguration;
			buildSettings = {
				BUNDLE_LOADER = "$(TEST_HOST)";
				INFOPLIST_FILE = SnapUpTests/Info.plist;
				LD_RUNPATH_SEARCH_PATHS = "$(inherited) @executable_path/Frameworks @loader_path/Frameworks";
				PRODUCT_BUNDLE_IDENTIFIER = PennAppsXIII.SnapUpTests;
				PRODUCT_NAME = "$(TARGET_NAME)";
				TEST_HOST = "$(BUILT_PRODUCTS_DIR)/SnapUp.app/SnapUp";
			};
			name = Release;
		};
		B5EAA0501C53C3840070AAAD /* Debug */ = {
			isa = XCBuildConfiguration;
			buildSettings = {
				INFOPLIST_FILE = SnapUpUITests/Info.plist;
				LD_RUNPATH_SEARCH_PATHS = "$(inherited) @executable_path/Frameworks @loader_path/Frameworks";
				PRODUCT_BUNDLE_IDENTIFIER = PennAppsXIII.SnapUpUITests;
				PRODUCT_NAME = "$(TARGET_NAME)";
				TEST_TARGET_NAME = SnapUp;
				USES_XCTRUNNER = YES;
			};
			name = Debug;
		};
		B5EAA0511C53C3840070AAAD /* Release */ = {
			isa = XCBuildConfiguration;
			buildSettings = {
				INFOPLIST_FILE = SnapUpUITests/Info.plist;
				LD_RUNPATH_SEARCH_PATHS = "$(inherited) @executable_path/Frameworks @loader_path/Frameworks";
				PRODUCT_BUNDLE_IDENTIFIER = PennAppsXIII.SnapUpUITests;
				PRODUCT_NAME = "$(TARGET_NAME)";
				TEST_TARGET_NAME = SnapUp;
				USES_XCTRUNNER = YES;
			};
			name = Release;
		};
/* End XCBuildConfiguration section */

/* Begin XCConfigurationList section */
		B5EAA0191C53C3830070AAAD /* Build configuration list for PBXProject "SnapUp" */ = {
			isa = XCConfigurationList;
			buildConfigurations = (
				B5EAA0471C53C3840070AAAD /* Debug */,
				B5EAA0481C53C3840070AAAD /* Release */,
			);
			defaultConfigurationIsVisible = 0;
			defaultConfigurationName = Release;
		};
		B5EAA0491C53C3840070AAAD /* Build configuration list for PBXNativeTarget "SnapUp" */ = {
			isa = XCConfigurationList;
			buildConfigurations = (
				B5EAA04A1C53C3840070AAAD /* Debug */,
				B5EAA04B1C53C3840070AAAD /* Release */,
			);
			defaultConfigurationIsVisible = 0;
		};
		B5EAA04C1C53C3840070AAAD /* Build configuration list for PBXNativeTarget "SnapUpTests" */ = {
			isa = XCConfigurationList;
			buildConfigurations = (
				B5EAA04D1C53C3840070AAAD /* Debug */,
				B5EAA04E1C53C3840070AAAD /* Release */,
			);
			defaultConfigurationIsVisible = 0;
		};
		B5EAA04F1C53C3840070AAAD /* Build configuration list for PBXNativeTarget "SnapUpUITests" */ = {
			isa = XCConfigurationList;
			buildConfigurations = (
				B5EAA0501C53C3840070AAAD /* Debug */,
				B5EAA0511C53C3840070AAAD /* Release */,
			);
			defaultConfigurationIsVisible = 0;
		};
/* End XCConfigurationList section */

/* Begin XCVersionGroup section */
		B5EAA0281C53C3840070AAAD /* SnapUp.xcdatamodeld */ = {
			isa = XCVersionGroup;
			children = (
				B5EAA0291C53C3840070AAAD /* SnapUp.xcdatamodel */,
			);
			currentVersion = B5EAA0291C53C3840070AAAD /* SnapUp.xcdatamodel */;
			path = SnapUp.xcdatamodeld;
			sourceTree = "<group>";
			versionGroupType = wrapper.xcdatamodel;
		};
/* End XCVersionGroup section */
	};
	rootObject = B5EAA0161C53C3830070AAAD /* Project object */;
}
